# THIS IS AN AUTOGENERATED FILE. DO NOT EDIT THIS FILE DIRECTLY.
# yarn lockfile v1


ansi-bgblack@^0.1.1:
  version "0.1.1"
  resolved "https://registry.yarnpkg.com/ansi-bgblack/-/ansi-bgblack-0.1.1.tgz#a68ba5007887701b6aafbe3fa0dadfdfa8ee3ca2"
  dependencies:
    ansi-wrap "0.1.0"

ansi-bgblue@^0.1.1:
  version "0.1.1"
  resolved "https://registry.yarnpkg.com/ansi-bgblue/-/ansi-bgblue-0.1.1.tgz#67bdc04edc9b9b5278969da196dea3d75c8c3613"
  dependencies:
    ansi-wrap "0.1.0"

ansi-bgcyan@^0.1.1:
  version "0.1.1"
  resolved "https://registry.yarnpkg.com/ansi-bgcyan/-/ansi-bgcyan-0.1.1.tgz#58489425600bde9f5507068dd969ebfdb50fe768"
  dependencies:
    ansi-wrap "0.1.0"

ansi-bggreen@^0.1.1:
  version "0.1.1"
  resolved "https://registry.yarnpkg.com/ansi-bggreen/-/ansi-bggreen-0.1.1.tgz#4e3191248529943f4321e96bf131d1c13816af49"
  dependencies:
    ansi-wrap "0.1.0"

ansi-bgmagenta@^0.1.1:
  version "0.1.1"
  resolved "https://registry.yarnpkg.com/ansi-bgmagenta/-/ansi-bgmagenta-0.1.1.tgz#9b28432c076eaa999418672a3efbe19391c2c7a1"
  dependencies:
    ansi-wrap "0.1.0"

ansi-bgred@^0.1.1:
  version "0.1.1"
  resolved "https://registry.yarnpkg.com/ansi-bgred/-/ansi-bgred-0.1.1.tgz#a76f92838382ba43290a6c1778424f984d6f1041"
  dependencies:
    ansi-wrap "0.1.0"

ansi-bgwhite@^0.1.1:
  version "0.1.1"
  resolved "https://registry.yarnpkg.com/ansi-bgwhite/-/ansi-bgwhite-0.1.1.tgz#6504651377a58a6ececd0331994e480258e11ba8"
  dependencies:
    ansi-wrap "0.1.0"

ansi-bgyellow@^0.1.1:
  version "0.1.1"
  resolved "https://registry.yarnpkg.com/ansi-bgyellow/-/ansi-bgyellow-0.1.1.tgz#c3fe2eb08cd476648029e6874d15a0b38f61d44f"
  dependencies:
    ansi-wrap "0.1.0"

ansi-black@^0.1.1:
  version "0.1.1"
  resolved "https://registry.yarnpkg.com/ansi-black/-/ansi-black-0.1.1.tgz#f6185e889360b2545a1ec50c0bf063fc43032453"
  dependencies:
    ansi-wrap "0.1.0"

ansi-blue@^0.1.1:
  version "0.1.1"
  resolved "https://registry.yarnpkg.com/ansi-blue/-/ansi-blue-0.1.1.tgz#15b804990e92fc9ca8c5476ce8f699777c21edbf"
  dependencies:
    ansi-wrap "0.1.0"

ansi-bold@^0.1.1:
  version "0.1.1"
  resolved "https://registry.yarnpkg.com/ansi-bold/-/ansi-bold-0.1.1.tgz#3e63950af5acc2ae2e670e6f67deb115d1a5f505"
  dependencies:
    ansi-wrap "0.1.0"

ansi-colors@^0.2.0:
  version "0.2.0"
  resolved "https://registry.yarnpkg.com/ansi-colors/-/ansi-colors-0.2.0.tgz#72c31de2a0d9a2ccd0cac30cc9823eeb2f6434b5"
  dependencies:
    ansi-bgblack "^0.1.1"
    ansi-bgblue "^0.1.1"
    ansi-bgcyan "^0.1.1"
    ansi-bggreen "^0.1.1"
    ansi-bgmagenta "^0.1.1"
    ansi-bgred "^0.1.1"
    ansi-bgwhite "^0.1.1"
    ansi-bgyellow "^0.1.1"
    ansi-black "^0.1.1"
    ansi-blue "^0.1.1"
    ansi-bold "^0.1.1"
    ansi-cyan "^0.1.1"
    ansi-dim "^0.1.1"
    ansi-gray "^0.1.1"
    ansi-green "^0.1.1"
    ansi-grey "^0.1.1"
    ansi-hidden "^0.1.1"
    ansi-inverse "^0.1.1"
    ansi-italic "^0.1.1"
    ansi-magenta "^0.1.1"
    ansi-red "^0.1.1"
    ansi-reset "^0.1.1"
    ansi-strikethrough "^0.1.1"
    ansi-underline "^0.1.1"
    ansi-white "^0.1.1"
    ansi-yellow "^0.1.1"
    lazy-cache "^2.0.1"

ansi-cyan@^0.1.1:
  version "0.1.1"
  resolved "https://registry.yarnpkg.com/ansi-cyan/-/ansi-cyan-0.1.1.tgz#538ae528af8982f28ae30d86f2f17456d2609873"
  dependencies:
    ansi-wrap "0.1.0"

ansi-dim@^0.1.1:
  version "0.1.1"
  resolved "https://registry.yarnpkg.com/ansi-dim/-/ansi-dim-0.1.1.tgz#40de4c603aa8086d8e7a86b8ff998d5c36eefd6c"
  dependencies:
    ansi-wrap "0.1.0"

ansi-gray@^0.1.1:
  version "0.1.1"
  resolved "https://registry.yarnpkg.com/ansi-gray/-/ansi-gray-0.1.1.tgz#2962cf54ec9792c48510a3deb524436861ef7251"
  dependencies:
    ansi-wrap "0.1.0"

ansi-green@^0.1.1:
  version "0.1.1"
  resolved "https://registry.yarnpkg.com/ansi-green/-/ansi-green-0.1.1.tgz#8a5d9a979e458d57c40e33580b37390b8e10d0f7"
  dependencies:
    ansi-wrap "0.1.0"

ansi-grey@^0.1.1:
  version "0.1.1"
  resolved "https://registry.yarnpkg.com/ansi-grey/-/ansi-grey-0.1.1.tgz#59d98b6ac2ba19f8a51798e9853fba78339a33c1"
  dependencies:
    ansi-wrap "0.1.0"

ansi-hidden@^0.1.1:
  version "0.1.1"
  resolved "https://registry.yarnpkg.com/ansi-hidden/-/ansi-hidden-0.1.1.tgz#ed6a4c498d2bb7cbb289dbf2a8d1dcc8567fae0f"
  dependencies:
    ansi-wrap "0.1.0"

ansi-inverse@^0.1.1:
  version "0.1.1"
  resolved "https://registry.yarnpkg.com/ansi-inverse/-/ansi-inverse-0.1.1.tgz#b6af45826fe826bfb528a6c79885794355ccd269"
  dependencies:
    ansi-wrap "0.1.0"

ansi-italic@^0.1.1:
  version "0.1.1"
  resolved "https://registry.yarnpkg.com/ansi-italic/-/ansi-italic-0.1.1.tgz#104743463f625c142a036739cf85eda688986f23"
  dependencies:
    ansi-wrap "0.1.0"

ansi-magenta@^0.1.1:
  version "0.1.1"
  resolved "https://registry.yarnpkg.com/ansi-magenta/-/ansi-magenta-0.1.1.tgz#063b5ba16fb3f23e1cfda2b07c0a89de11e430ae"
  dependencies:
    ansi-wrap "0.1.0"

ansi-red@^0.1.1:
  version "0.1.1"
  resolved "https://registry.yarnpkg.com/ansi-red/-/ansi-red-0.1.1.tgz#8c638f9d1080800a353c9c28c8a81ca4705d946c"
  dependencies:
    ansi-wrap "0.1.0"

ansi-regex@^2.0.0:
  version "2.1.1"
  resolved "https://registry.yarnpkg.com/ansi-regex/-/ansi-regex-2.1.1.tgz#c3b33ab5ee360d86e0e628f0468ae7ef27d654df"

ansi-regex@^3.0.0:
  version "3.0.0"
  resolved "https://registry.yarnpkg.com/ansi-regex/-/ansi-regex-3.0.0.tgz#ed0317c322064f79466c02966bddb605ab37d998"

ansi-reset@^0.1.1:
  version "0.1.1"
  resolved "https://registry.yarnpkg.com/ansi-reset/-/ansi-reset-0.1.1.tgz#e7e71292c3c7ddcd4d62ef4a6c7c05980911c3b7"
  dependencies:
    ansi-wrap "0.1.0"

ansi-strikethrough@^0.1.1:
  version "0.1.1"
  resolved "https://registry.yarnpkg.com/ansi-strikethrough/-/ansi-strikethrough-0.1.1.tgz#d84877140b2cff07d1c93ebce69904f68885e568"
  dependencies:
    ansi-wrap "0.1.0"

ansi-underline@^0.1.1:
  version "0.1.1"
  resolved "https://registry.yarnpkg.com/ansi-underline/-/ansi-underline-0.1.1.tgz#dfc920f4c97b5977ea162df8ffb988308aaa71a4"
  dependencies:
    ansi-wrap "0.1.0"

ansi-white@^0.1.1:
  version "0.1.1"
  resolved "https://registry.yarnpkg.com/ansi-white/-/ansi-white-0.1.1.tgz#9c77b7c193c5ee992e6011d36ec4c921b4578944"
  dependencies:
    ansi-wrap "0.1.0"

ansi-wrap@0.1.0:
  version "0.1.0"
  resolved "https://registry.yarnpkg.com/ansi-wrap/-/ansi-wrap-0.1.0.tgz#a82250ddb0015e9a27ca82e82ea603bbfa45efaf"

ansi-yellow@^0.1.1:
  version "0.1.1"
  resolved "https://registry.yarnpkg.com/ansi-yellow/-/ansi-yellow-0.1.1.tgz#cb9356f2f46c732f0e3199e6102955a77da83c1d"
  dependencies:
    ansi-wrap "0.1.0"

aproba@^1.0.3:
  version "1.1.1"
  resolved "https://registry.yarnpkg.com/aproba/-/aproba-1.1.1.tgz#95d3600f07710aa0e9298c726ad5ecf2eacbabab"

are-we-there-yet@~1.1.2:
  version "1.1.4"
  resolved "https://registry.yarnpkg.com/are-we-there-yet/-/are-we-there-yet-1.1.4.tgz#bb5dca382bb94f05e15194373d16fd3ba1ca110d"
  dependencies:
    delegates "^1.0.0"
    readable-stream "^2.0.6"

arr-flatten@^1.1.0:
  version "1.1.0"
  resolved "https://registry.yarnpkg.com/arr-flatten/-/arr-flatten-1.1.0.tgz#36048bbff4e7b47e136644316c99669ea5ae91f1"

arr-swap@^1.0.1:
  version "1.0.1"
  resolved "https://registry.yarnpkg.com/arr-swap/-/arr-swap-1.0.1.tgz#147590ed65fc815bc07fef0997c2e5823d643534"
  dependencies:
    is-number "^3.0.0"

assign-symbols@^1.0.0:
  version "1.0.0"
  resolved "https://registry.yarnpkg.com/assign-symbols/-/assign-symbols-1.0.0.tgz#59667f41fadd4f20ccbc2bb96b8d4f7f78ec0367"

async-magic@^1.2.1, async-magic@^1.3.0:
  version "1.3.0"
  resolved "https://registry.yarnpkg.com/async-magic/-/async-magic-1.3.0.tgz#00d34f27200023573a411c5ded17dd38d22887b5"

async@0.2.x, async@~0.2.9:
  version "0.2.10"
  resolved "https://registry.yarnpkg.com/async/-/async-0.2.10.tgz#b6bbe0b0674b9d719708ca38de8c237cb526c3d1"

balanced-match@^0.4.1:
  version "0.4.2"
  resolved "https://registry.yarnpkg.com/balanced-match/-/balanced-match-0.4.2.tgz#cb3f3e3c732dc0f01ee70b403f302e61d7709838"

bindings@1.3.0:
  version "1.3.0"
  resolved "https://registry.yarnpkg.com/bindings/-/bindings-1.3.0.tgz#b346f6ecf6a95f5a815c5839fc7cdb22502f1ed7"

bl@^1.0.0:
  version "1.2.1"
  resolved "https://registry.yarnpkg.com/bl/-/bl-1.2.1.tgz#cac328f7bee45730d404b692203fcb590e172d5e"
  dependencies:
    readable-stream "^2.0.5"

brace-expansion@^1.1.7:
  version "1.1.7"
  resolved "https://registry.yarnpkg.com/brace-expansion/-/brace-expansion-1.1.7.tgz#3effc3c50e000531fb720eaff80f0ae8ef23cf59"
  dependencies:
    balanced-match "^0.4.1"
    concat-map "0.0.1"

buffer-shims@~1.0.0:
  version "1.0.0"
  resolved "https://registry.yarnpkg.com/buffer-shims/-/buffer-shims-1.0.0.tgz#9978ce317388c649ad8793028c3477ef044a8b51"

choices-separator@^2.0.0:
  version "2.0.0"
  resolved "https://registry.yarnpkg.com/choices-separator/-/choices-separator-2.0.0.tgz#92fd1763182d79033f5c5c51d0ba352e5567c696"
  dependencies:
    ansi-dim "^0.1.1"
    debug "^2.6.6"
    strip-color "^0.1.0"

chownr@^1.0.1:
  version "1.0.1"
  resolved "https://registry.yarnpkg.com/chownr/-/chownr-1.0.1.tgz#e2a75042a9551908bebd25b8523d5f9769d79181"

cli-progress@^1.7.0:
  version "1.7.0"
  resolved "https://registry.yarnpkg.com/cli-progress/-/cli-progress-1.7.0.tgz#401cdfeacc1a34afc281b4bdf88829236724c92f"
  dependencies:
    colors "^1.1.2"

clone-deep@^1.0.0:
  version "1.0.0"
  resolved "https://registry.yarnpkg.com/clone-deep/-/clone-deep-1.0.0.tgz#b2f354444b5d4a0ce58faca337ef34da2b14a6c7"
  dependencies:
    for-own "^1.0.0"
    is-plain-object "^2.0.4"
    kind-of "^5.0.0"
    shallow-clone "^1.0.0"

code-point-at@^1.0.0:
  version "1.1.0"
  resolved "https://registry.yarnpkg.com/code-point-at/-/code-point-at-1.1.0.tgz#0d070b4d043a5bea33a2f1a40e2edb3d9a4ccf77"

collection-visit@^1.0.0:
  version "1.0.0"
  resolved "https://registry.yarnpkg.com/collection-visit/-/collection-visit-1.0.0.tgz#4bc0373c164bc3291b4d368c829cf1a80a59dca0"
  dependencies:
    map-visit "^1.0.0"
    object-visit "^1.0.0"

colors@0.6.x:
  version "0.6.2"
  resolved "https://registry.yarnpkg.com/colors/-/colors-0.6.2.tgz#2423fe6678ac0c5dae8852e5d0e5be08c997abcc"

colors@^1.1.2:
  version "1.1.2"
  resolved "https://registry.yarnpkg.com/colors/-/colors-1.1.2.tgz#168a4701756b6a7f51a12ce0c97bfa28c084ed63"

commander@^2.13.0, commander@^2.14.0:
  version "2.14.1"
  resolved "https://registry.yarnpkg.com/commander/-/commander-2.14.1.tgz#2235123e37af8ca3c65df45b026dbd357b01b9aa"

component-emitter@^1.2.1:
  version "1.2.1"
  resolved "https://registry.yarnpkg.com/component-emitter/-/component-emitter-1.2.1.tgz#137918d6d78283f7df7a6b7c5a63e140e69425e6"

concat-map@0.0.1:
  version "0.0.1"
  resolved "https://registry.yarnpkg.com/concat-map/-/concat-map-0.0.1.tgz#d8a96bd77fd68df7793a73036a3ba0d5405d477b"

console-control-strings@^1.0.0, console-control-strings@~1.1.0:
  version "1.1.0"
  resolved "https://registry.yarnpkg.com/console-control-strings/-/console-control-strings-1.1.0.tgz#3d7cf4464db6446ea644bf4b39507f9851008e8e"

copy-descriptor@^0.1.0:
  version "0.1.1"
  resolved "https://registry.yarnpkg.com/copy-descriptor/-/copy-descriptor-0.1.1.tgz#676f6eb3c39997c2ee1ac3a924fd6124748f578d"

core-util-is@~1.0.0:
  version "1.0.2"
  resolved "https://registry.yarnpkg.com/core-util-is/-/core-util-is-1.0.2.tgz#b5fd54220aa2bc5ab57aab7140c940754503c1a7"

cycle@1.0.x:
  version "1.0.3"
  resolved "https://registry.yarnpkg.com/cycle/-/cycle-1.0.3.tgz#21e80b2be8580f98b468f379430662b046c34ad2"

debug@^2.6.6, debug@^2.6.8:
  version "2.6.9"
  resolved "https://registry.yarnpkg.com/debug/-/debug-2.6.9.tgz#5d128515df134ff327e90a4c93f4e077a536341f"
  dependencies:
    ms "2.0.0"

debug@^3.0.1, debug@^3.1.0:
  version "3.1.0"
  resolved "https://registry.yarnpkg.com/debug/-/debug-3.1.0.tgz#5bb5a0672628b64149566ba16819e61518c67261"
  dependencies:
    ms "2.0.0"

decompress-response@^3.3.0:
  version "3.3.0"
  resolved "https://registry.yarnpkg.com/decompress-response/-/decompress-response-3.3.0.tgz#80a4dd323748384bfa248083622aedec982adff3"
  dependencies:
    mimic-response "^1.0.0"

deep-equal@*:
  version "1.0.1"
  resolved "https://registry.yarnpkg.com/deep-equal/-/deep-equal-1.0.1.tgz#f5d260292b660e084eff4cdbc9f08ad3247448b5"

deep-extend@~0.4.0:
  version "0.4.1"
  resolved "https://registry.yarnpkg.com/deep-extend/-/deep-extend-0.4.1.tgz#efe4113d08085f4e6f9687759810f807469e2253"

define-property@^0.2.5:
  version "0.2.5"
  resolved "https://registry.yarnpkg.com/define-property/-/define-property-0.2.5.tgz#c35b1ef918ec3c990f9a5bc57be04aacec5c8116"
  dependencies:
    is-descriptor "^0.1.0"

define-property@^1.0.0:
  version "1.0.0"
  resolved "https://registry.yarnpkg.com/define-property/-/define-property-1.0.0.tgz#769ebaaf3f4a63aad3af9e8d304c9bbe79bfb0e6"
  dependencies:
    is-descriptor "^1.0.0"

delegates@^1.0.0:
  version "1.0.0"
  resolved "https://registry.yarnpkg.com/delegates/-/delegates-1.0.0.tgz#84c6e159b81904fdca59a0ef44cd870d31250f9a"

detect-libc@^1.0.3:
  version "1.0.3"
  resolved "https://registry.yarnpkg.com/detect-libc/-/detect-libc-1.0.3.tgz#fa137c4bd698edf55cd5cd02ac559f91a4c4ba9b"

end-of-stream@^1.0.0, end-of-stream@^1.1.0:
  version "1.4.1"
  resolved "https://registry.yarnpkg.com/end-of-stream/-/end-of-stream-1.4.1.tgz#ed29634d19baba463b6ce6b80a37213eab71ec43"
  dependencies:
    once "^1.4.0"

error-symbol@^0.1.0:
  version "0.1.0"
  resolved "https://registry.yarnpkg.com/error-symbol/-/error-symbol-0.1.0.tgz#0a4dae37d600d15a29ba453d8ef920f1844333f6"

expand-template@^1.0.2:
  version "1.1.0"
  resolved "https://registry.yarnpkg.com/expand-template/-/expand-template-1.1.0.tgz#e09efba977bf98f9ee0ed25abd0c692e02aec3fc"

extend-shallow@^2.0.1:
  version "2.0.1"
  resolved "https://registry.yarnpkg.com/extend-shallow/-/extend-shallow-2.0.1.tgz#51af7d614ad9a9f610ea1bafbb989d6b1c56890f"
  dependencies:
    is-extendable "^0.1.0"

extend-shallow@^3.0.0:
  version "3.0.2"
  resolved "https://registry.yarnpkg.com/extend-shallow/-/extend-shallow-3.0.2.tgz#26a71aaf073b39fb2127172746131c2704028db8"
  dependencies:
    assign-symbols "^1.0.0"
    is-extendable "^1.0.1"

eyes@0.1.x:
  version "0.1.8"
  resolved "https://registry.yarnpkg.com/eyes/-/eyes-0.1.8.tgz#62cf120234c683785d902348a800ef3e0cc20bc0"

for-in@^0.1.3:
  version "0.1.8"
  resolved "https://registry.yarnpkg.com/for-in/-/for-in-0.1.8.tgz#d8773908e31256109952b1fdb9b3fa867d2775e1"

for-in@^1.0.1:
  version "1.0.2"
  resolved "https://registry.yarnpkg.com/for-in/-/for-in-1.0.2.tgz#81068d295a8142ec0ac726c6e2200c30fb6d5e80"

for-own@^1.0.0:
  version "1.0.0"
  resolved "https://registry.yarnpkg.com/for-own/-/for-own-1.0.0.tgz#c63332f415cedc4b04dbfe70cf836494c53cb44b"
  dependencies:
    for-in "^1.0.1"

fs-magic@^2.1.1:
  version "2.1.1"
  resolved "https://registry.yarnpkg.com/fs-magic/-/fs-magic-2.1.1.tgz#17913e319d158e970532c80725a2c5000924fbe5"
  dependencies:
    async-magic "^1.2.1"
    tar-stream "^1.5.2"

fs.realpath@^1.0.0:
  version "1.0.0"
  resolved "https://registry.yarnpkg.com/fs.realpath/-/fs.realpath-1.0.0.tgz#1504ad2523158caa40db4a2787cb01411994ea4f"

gauge@~2.7.3:
  version "2.7.4"
  resolved "https://registry.yarnpkg.com/gauge/-/gauge-2.7.4.tgz#2c03405c7538c39d7eb37b317022e325fb018bf7"
  dependencies:
    aproba "^1.0.3"
    console-control-strings "^1.0.0"
    has-unicode "^2.0.0"
    object-assign "^4.1.0"
    signal-exit "^3.0.0"
    string-width "^1.0.1"
    strip-ansi "^3.0.1"
    wide-align "^1.1.0"

github-from-package@0.0.0:
  version "0.0.0"
  resolved "https://registry.yarnpkg.com/github-from-package/-/github-from-package-0.0.0.tgz#97fb5d96bfde8973313f20e8288ef9a167fa64ce"

glob@^7.0.5:
  version "7.1.1"
  resolved "https://registry.yarnpkg.com/glob/-/glob-7.1.1.tgz#805211df04faaf1c63a3600306cdf5ade50b2ec8"
  dependencies:
    fs.realpath "^1.0.0"
    inflight "^1.0.4"
    inherits "2"
    minimatch "^3.0.2"
    once "^1.3.0"
    path-is-absolute "^1.0.0"

has-unicode@^2.0.0:
  version "2.0.1"
  resolved "https://registry.yarnpkg.com/has-unicode/-/has-unicode-2.0.1.tgz#e0e6fe6a28cf51138855e086d1691e771de2a8b9"

i@0.3.x:
  version "0.3.5"
  resolved "https://registry.yarnpkg.com/i/-/i-0.3.5.tgz#1d2b854158ec8169113c6cb7f6b6801e99e211d5"

inflight@^1.0.4:
  version "1.0.6"
  resolved "https://registry.yarnpkg.com/inflight/-/inflight-1.0.6.tgz#49bd6331d7d02d0c09bc910a1075ba8165b56df9"
  dependencies:
    once "^1.3.0"
    wrappy "1"

info-symbol@^0.1.0:
  version "0.1.0"
  resolved "https://registry.yarnpkg.com/info-symbol/-/info-symbol-0.1.0.tgz#27841d72867ddb4242cd612d79c10633881c6a78"

inherits@2, inherits@~2.0.1, inherits@~2.0.3:
  version "2.0.3"
  resolved "https://registry.yarnpkg.com/inherits/-/inherits-2.0.3.tgz#633c2c83e3da42a502f52466022480f4208261de"

ini@~1.3.0:
  version "1.3.4"
  resolved "https://registry.yarnpkg.com/ini/-/ini-1.3.4.tgz#0537cb79daf59b59a1a517dff706c86ec039162e"

is-accessor-descriptor@^0.1.6:
  version "0.1.6"
  resolved "https://registry.yarnpkg.com/is-accessor-descriptor/-/is-accessor-descriptor-0.1.6.tgz#a9e12cb3ae8d876727eeef3843f8a0897b5c98d6"
  dependencies:
    kind-of "^3.0.2"

is-accessor-descriptor@^1.0.0:
  version "1.0.0"
  resolved "https://registry.yarnpkg.com/is-accessor-descriptor/-/is-accessor-descriptor-1.0.0.tgz#169c2f6d3df1f992618072365c9b0ea1f6878656"
  dependencies:
    kind-of "^6.0.0"

is-buffer@^1.1.5:
  version "1.1.6"
  resolved "https://registry.yarnpkg.com/is-buffer/-/is-buffer-1.1.6.tgz#efaa2ea9daa0d7ab2ea13a97b2b8ad51fefbe8be"

is-data-descriptor@^0.1.4:
  version "0.1.4"
  resolved "https://registry.yarnpkg.com/is-data-descriptor/-/is-data-descriptor-0.1.4.tgz#0b5ee648388e2c860282e793f1856fec3f301b56"
  dependencies:
    kind-of "^3.0.2"

is-data-descriptor@^1.0.0:
  version "1.0.0"
  resolved "https://registry.yarnpkg.com/is-data-descriptor/-/is-data-descriptor-1.0.0.tgz#d84876321d0e7add03990406abbbbd36ba9268c7"
  dependencies:
    kind-of "^6.0.0"

is-descriptor@^0.1.0:
  version "0.1.6"
  resolved "https://registry.yarnpkg.com/is-descriptor/-/is-descriptor-0.1.6.tgz#366d8240dde487ca51823b1ab9f07a10a78251ca"
  dependencies:
    is-accessor-descriptor "^0.1.6"
    is-data-descriptor "^0.1.4"
    kind-of "^5.0.0"

is-descriptor@^1.0.0:
  version "1.0.2"
  resolved "https://registry.yarnpkg.com/is-descriptor/-/is-descriptor-1.0.2.tgz#3b159746a66604b04f8c81524ba365c5f14d86ec"
  dependencies:
    is-accessor-descriptor "^1.0.0"
    is-data-descriptor "^1.0.0"
    kind-of "^6.0.2"

is-extendable@^0.1.0, is-extendable@^0.1.1:
  version "0.1.1"
  resolved "https://registry.yarnpkg.com/is-extendable/-/is-extendable-0.1.1.tgz#62b110e289a471418e3ec36a617d472e301dfc89"

is-extendable@^1.0.1:
  version "1.0.1"
  resolved "https://registry.yarnpkg.com/is-extendable/-/is-extendable-1.0.1.tgz#a7470f9e426733d81bd81e1155264e3a3507cab4"
  dependencies:
    is-plain-object "^2.0.4"

is-fullwidth-code-point@^1.0.0:
  version "1.0.0"
  resolved "https://registry.yarnpkg.com/is-fullwidth-code-point/-/is-fullwidth-code-point-1.0.0.tgz#ef9e31386f031a7f0d643af82fde50c457ef00cb"
  dependencies:
    number-is-nan "^1.0.0"

is-fullwidth-code-point@^2.0.0:
  version "2.0.0"
  resolved "https://registry.yarnpkg.com/is-fullwidth-code-point/-/is-fullwidth-code-point-2.0.0.tgz#a3b30a5c4f199183167aaab93beefae3ddfb654f"

is-number@^3.0.0:
  version "3.0.0"
  resolved "https://registry.yarnpkg.com/is-number/-/is-number-3.0.0.tgz#24fd6201a4782cf50561c810276afc7d12d71195"
  dependencies:
    kind-of "^3.0.2"

is-plain-object@^2.0.3, is-plain-object@^2.0.4:
  version "2.0.4"
  resolved "https://registry.yarnpkg.com/is-plain-object/-/is-plain-object-2.0.4.tgz#2c163b3fafb1b606d9d17928f05c2a1c38e07677"
  dependencies:
    isobject "^3.0.1"

is-windows@^1.0.1:
  version "1.0.2"
  resolved "https://registry.yarnpkg.com/is-windows/-/is-windows-1.0.2.tgz#d1850eb9791ecd18e6182ce12a30f396634bb19d"

isarray@~1.0.0:
  version "1.0.0"
  resolved "https://registry.yarnpkg.com/isarray/-/isarray-1.0.0.tgz#bb935d48582cba168c06834957a54a3e07124f11"

isobject@^3.0.0, isobject@^3.0.1:
  version "3.0.1"
  resolved "https://registry.yarnpkg.com/isobject/-/isobject-3.0.1.tgz#4e431e92b11a9731636aa1f9c8d1ccbcfdab78df"

isstream@0.1.x:
  version "0.1.2"
  resolved "https://registry.yarnpkg.com/isstream/-/isstream-0.1.2.tgz#47e63f7af55afa6f92e1500e690eb8b8529c099a"

kind-of@^3.0.2, kind-of@^3.0.3:
  version "3.2.2"
  resolved "https://registry.yarnpkg.com/kind-of/-/kind-of-3.2.2.tgz#31ea21a734bab9bbb0f32466d893aea51e4a3c64"
  dependencies:
    is-buffer "^1.1.5"

kind-of@^5.0.0, kind-of@^5.0.2:
  version "5.1.0"
  resolved "https://registry.yarnpkg.com/kind-of/-/kind-of-5.1.0.tgz#729c91e2d857b7a419a1f9aa65685c4c33f5845d"

kind-of@^6.0.0, kind-of@^6.0.2:
  version "6.0.2"
  resolved "https://registry.yarnpkg.com/kind-of/-/kind-of-6.0.2.tgz#01146b36a6218e64e58f3a8d66de5d7fc6f6d051"

koalas@^1.0.2:
  version "1.0.2"
  resolved "https://registry.yarnpkg.com/koalas/-/koalas-1.0.2.tgz#318433f074235db78fae5661a02a8ca53ee295cd"

lazy-cache@^2.0.1, lazy-cache@^2.0.2:
  version "2.0.2"
  resolved "https://registry.yarnpkg.com/lazy-cache/-/lazy-cache-2.0.2.tgz#b9190a4f913354694840859f8a8f7084d8822264"
  dependencies:
    set-getter "^0.1.0"

log-ok@^0.1.1:
  version "0.1.1"
  resolved "https://registry.yarnpkg.com/log-ok/-/log-ok-0.1.1.tgz#bea3dd36acd0b8a7240d78736b5b97c65444a334"
  dependencies:
    ansi-green "^0.1.1"
    success-symbol "^0.1.0"

log-utils@^0.2.1:
  version "0.2.1"
  resolved "https://registry.yarnpkg.com/log-utils/-/log-utils-0.2.1.tgz#a4c217a0dd9a50515d9b920206091ab3d4e031cf"
  dependencies:
    ansi-colors "^0.2.0"
    error-symbol "^0.1.0"
    info-symbol "^0.1.0"
    log-ok "^0.1.1"
    success-symbol "^0.1.0"
    time-stamp "^1.0.1"
    warning-symbol "^0.1.0"

logging-facility@^2.0.1:
  version "2.0.1"
  resolved "https://registry.yarnpkg.com/logging-facility/-/logging-facility-2.0.1.tgz#dc3b10b566aa38b58302a5772246cbd4ba9f3761"
  dependencies:
    colors "^1.1.2"

luamin@^1.0.4:
  version "1.0.4"
  resolved "https://registry.yarnpkg.com/luamin/-/luamin-1.0.4.tgz#944529b58fc6fa4d31eace2e0353d41210f0e3d3"
  dependencies:
    luaparse "^0.2.1"

luaparse@^0.2.1:
  version "0.2.1"
  resolved "https://registry.yarnpkg.com/luaparse/-/luaparse-0.2.1.tgz#aa8f56132b0de97d37f3c991a9df42e0e17f656c"

map-visit@^1.0.0:
  version "1.0.0"
  resolved "https://registry.yarnpkg.com/map-visit/-/map-visit-1.0.0.tgz#ecdca8f13144e660f1b5bd41f12f3479d98dfb8f"
  dependencies:
    object-visit "^1.0.0"

mimic-response@^1.0.0:
  version "1.0.0"
  resolved "https://registry.yarnpkg.com/mimic-response/-/mimic-response-1.0.0.tgz#df3d3652a73fded6b9b0b24146e6fd052353458e"

minimatch@^3.0.2:
  version "3.0.4"
  resolved "https://registry.yarnpkg.com/minimatch/-/minimatch-3.0.4.tgz#5166e286457f03306064be5497e8dbb0c3d32083"
  dependencies:
    brace-expansion "^1.1.7"

minimist@0.0.8:
  version "0.0.8"
  resolved "https://registry.yarnpkg.com/minimist/-/minimist-0.0.8.tgz#857fcabfc3397d2625b8228262e86aa7a011b05d"

minimist@^1.2.0:
  version "1.2.0"
  resolved "https://registry.yarnpkg.com/minimist/-/minimist-1.2.0.tgz#a35008b20f41383eec1fb914f4cd5df79a264284"

mixin-object@^2.0.1:
  version "2.0.1"
  resolved "https://registry.yarnpkg.com/mixin-object/-/mixin-object-2.0.1.tgz#4fb949441dab182540f1fe035ba60e1947a5e57e"
  dependencies:
    for-in "^0.1.3"
    is-extendable "^0.1.1"

mkdirp@0.x.x, mkdirp@^0.5.1:
  version "0.5.1"
  resolved "https://registry.yarnpkg.com/mkdirp/-/mkdirp-0.5.1.tgz#30057438eac6cf7f8c4767f38648d6697d75c903"
  dependencies:
    minimist "0.0.8"

ms@2.0.0:
  version "2.0.0"
  resolved "https://registry.yarnpkg.com/ms/-/ms-2.0.0.tgz#5608aeadfc00be6c2901df5f9861788de0d597c8"

mute-stream@0.0.7, mute-stream@~0.0.4:
  version "0.0.7"
  resolved "https://registry.yarnpkg.com/mute-stream/-/mute-stream-0.0.7.tgz#3075ce93bc21b8fab43e1bc4da7e8115ed1e7bab"

nan@^2.6.2:
  version "2.8.0"
  resolved "https://registry.yarnpkg.com/nan/-/nan-2.8.0.tgz#ed715f3fe9de02b57a5e6252d90a96675e1f085a"

ncp@0.4.x:
  version "0.4.2"
  resolved "https://registry.yarnpkg.com/ncp/-/ncp-0.4.2.tgz#abcc6cbd3ec2ed2a729ff6e7c1fa8f01784a8574"

node-abi@^2.2.0:
  version "2.2.0"
  resolved "https://registry.yarnpkg.com/node-abi/-/node-abi-2.2.0.tgz#e802ac7a2408e2c0593fb3176ffdf8a99a9b4dec"
  dependencies:
    semver "^5.4.1"

noop-logger@^0.1.1:
  version "0.1.1"
  resolved "https://registry.yarnpkg.com/noop-logger/-/noop-logger-0.1.1.tgz#94a2b1633c4f1317553007d8966fd0e841b6a4c2"

npmlog@^4.0.1:
  version "4.1.2"
  resolved "https://registry.yarnpkg.com/npmlog/-/npmlog-4.1.2.tgz#08a7f2a8bf734604779a9efa4ad5cc717abb954b"
  dependencies:
    are-we-there-yet "~1.1.2"
    console-control-strings "~1.1.0"
    gauge "~2.7.3"
    set-blocking "~2.0.0"

number-is-nan@^1.0.0:
  version "1.0.1"
  resolved "https://registry.yarnpkg.com/number-is-nan/-/number-is-nan-1.0.1.tgz#097b602b53422a522c1afb8790318336941a011d"

object-assign@^4.1.0:
  version "4.1.1"
  resolved "https://registry.yarnpkg.com/object-assign/-/object-assign-4.1.1.tgz#2109adc7965887cfc05cbbd442cac8bfbb360863"

object-copy@^0.1.0:
  version "0.1.0"
  resolved "https://registry.yarnpkg.com/object-copy/-/object-copy-0.1.0.tgz#7e7d858b781bd7c991a41ba975ed3812754e998c"
  dependencies:
    copy-descriptor "^0.1.0"
    define-property "^0.2.5"
    kind-of "^3.0.3"

object-visit@^1.0.0:
  version "1.0.1"
  resolved "https://registry.yarnpkg.com/object-visit/-/object-visit-1.0.1.tgz#f79c4493af0c5377b59fe39d395e41042dd045bb"
  dependencies:
    isobject "^3.0.0"

once@^1.3.0, once@^1.3.1, once@^1.4.0:
  version "1.4.0"
  resolved "https://registry.yarnpkg.com/once/-/once-1.4.0.tgz#583b1aa775961d4b113ac17d9c50baef9dd76bd1"
  dependencies:
    wrappy "1"

os-homedir@^1.0.1:
  version "1.0.2"
  resolved "https://registry.yarnpkg.com/os-homedir/-/os-homedir-1.0.2.tgz#ffbc4988336e0e833de0c168c7ef152121aa7fb3"

path-is-absolute@^1.0.0:
  version "1.0.1"
  resolved "https://registry.yarnpkg.com/path-is-absolute/-/path-is-absolute-1.0.1.tgz#174b9268735534ffbc7ace6bf53a5a9e1b5c5f5f"

pkginfo@0.3.x:
  version "0.3.1"
  resolved "https://registry.yarnpkg.com/pkginfo/-/pkginfo-0.3.1.tgz#5b29f6a81f70717142e09e765bbeab97b4f81e21"

pkginfo@0.x.x:
  version "0.4.0"
  resolved "https://registry.yarnpkg.com/pkginfo/-/pkginfo-0.4.0.tgz#349dbb7ffd38081fcadc0853df687f0c7744cd65"

pointer-symbol@^1.0.0:
  version "1.0.0"
  resolved "https://registry.yarnpkg.com/pointer-symbol/-/pointer-symbol-1.0.0.tgz#60f9110204ea7a929b62644a21315543cbb3d447"

prebuild-install@^2.4.1:
  version "2.5.1"
  resolved "https://registry.yarnpkg.com/prebuild-install/-/prebuild-install-2.5.1.tgz#0f234140a73760813657c413cdccdda58296b1da"
  dependencies:
    detect-libc "^1.0.3"
    expand-template "^1.0.2"
    github-from-package "0.0.0"
    minimist "^1.2.0"
    mkdirp "^0.5.1"
    node-abi "^2.2.0"
    noop-logger "^0.1.1"
    npmlog "^4.0.1"
    os-homedir "^1.0.1"
    pump "^2.0.1"
    rc "^1.1.6"
    simple-get "^2.7.0"
    tar-fs "^1.13.0"
    tunnel-agent "^0.6.0"
    which-pm-runs "^1.0.0"

process-nextick-args@~1.0.6:
  version "1.0.7"
  resolved "https://registry.yarnpkg.com/process-nextick-args/-/process-nextick-args-1.0.7.tgz#150e20b756590ad3f91093f25a4f2ad8bff30ba3"

process-nextick-args@~2.0.0:
  version "2.0.0"
  resolved "https://registry.yarnpkg.com/process-nextick-args/-/process-nextick-args-2.0.0.tgz#a37d732f4271b4ab1ad070d35508e8290788ffaa"

promirepl@^1.0.1:
  version "1.0.1"
  resolved "https://registry.yarnpkg.com/promirepl/-/promirepl-1.0.1.tgz#2951aaeba2bf3fe2274ff63a16d94c04ca60872e"

prompt-actions@^3.0.2:
  version "3.0.2"
  resolved "https://registry.yarnpkg.com/prompt-actions/-/prompt-actions-3.0.2.tgz#537eee52241c940379f354a06eae8528e44ceeba"
  dependencies:
    debug "^2.6.8"

prompt-base@^4.0.2:
  version "4.1.0"
  resolved "https://registry.yarnpkg.com/prompt-base/-/prompt-base-4.1.0.tgz#7b88e4c01b096c83d2f4e501a7e85f0d369ecd1f"
  dependencies:
    component-emitter "^1.2.1"
    debug "^3.0.1"
    koalas "^1.0.2"
    log-utils "^0.2.1"
    prompt-actions "^3.0.2"
    prompt-question "^5.0.1"
    readline-ui "^2.2.3"
    readline-utils "^2.2.3"
    static-extend "^0.1.2"

prompt-checkbox@^2.2.0:
  version "2.2.0"
  resolved "https://registry.yarnpkg.com/prompt-checkbox/-/prompt-checkbox-2.2.0.tgz#a1b086bac7e3422a3f1c34f66d6da52486472690"
  dependencies:
    ansi-cyan "^0.1.1"
    debug "^2.6.8"
    prompt-base "^4.0.2"

prompt-choices@^4.0.5:
  version "4.0.5"
  resolved "https://registry.yarnpkg.com/prompt-choices/-/prompt-choices-4.0.5.tgz#32a8d30f646bcedae79b061450ed24484808df4e"
  dependencies:
    arr-flatten "^1.1.0"
    arr-swap "^1.0.1"
    choices-separator "^2.0.0"
    clone-deep "^1.0.0"
    collection-visit "^1.0.0"
    debug "^3.0.1"
    define-property "^1.0.0"
    extend-shallow "^2.0.1"
    is-number "^3.0.0"
    kind-of "^5.0.2"
    koalas "^1.0.2"
    lazy-cache "^2.0.2"
    log-utils "^0.2.1"
    pointer-symbol "^1.0.0"
    radio-symbol "^2.0.0"
    set-value "^2.0.0"
    strip-color "^0.1.0"
    terminal-paginator "^2.0.2"
    toggle-array "^1.0.1"

prompt-list@^3.1.2:
  version "3.1.2"
  resolved "https://registry.yarnpkg.com/prompt-list/-/prompt-list-3.1.2.tgz#be151f5a54e1722d16cc59a7691a2e21b9f32a1c"
  dependencies:
    ansi-cyan "^0.1.1"
    ansi-dim "^0.1.1"
    debug "^3.1.0"
    prompt-radio "^1.2.1"

prompt-question@^5.0.1:
  version "5.0.2"
  resolved "https://registry.yarnpkg.com/prompt-question/-/prompt-question-5.0.2.tgz#81a479f38f0bafecc758e5d6f7bc586e599610b3"
  dependencies:
    clone-deep "^1.0.0"
    debug "^3.0.1"
    define-property "^1.0.0"
    isobject "^3.0.1"
    kind-of "^5.0.2"
    koalas "^1.0.2"
    prompt-choices "^4.0.5"

prompt-radio@^1.2.1:
  version "1.2.1"
  resolved "https://registry.yarnpkg.com/prompt-radio/-/prompt-radio-1.2.1.tgz#66a4cb2b189d3373e7f9ddbbc10700186c8959ff"
  dependencies:
    debug "^2.6.8"
    prompt-checkbox "^2.2.0"

prompt@^0.2.14:
  version "0.2.14"
  resolved "https://registry.yarnpkg.com/prompt/-/prompt-0.2.14.tgz#57754f64f543fd7b0845707c818ece618f05ffdc"
  dependencies:
    pkginfo "0.x.x"
    read "1.0.x"
    revalidator "0.1.x"
    utile "0.2.x"
    winston "0.8.x"

pump@^1.0.0:
  version "1.0.3"
  resolved "https://registry.yarnpkg.com/pump/-/pump-1.0.3.tgz#5dfe8311c33bbf6fc18261f9f34702c47c08a954"
  dependencies:
    end-of-stream "^1.1.0"
    once "^1.3.1"

pump@^2.0.1:
  version "2.0.1"
  resolved "https://registry.yarnpkg.com/pump/-/pump-2.0.1.tgz#12399add6e4cf7526d973cbc8b5ce2e2908b3909"
  dependencies:
    end-of-stream "^1.1.0"
    once "^1.3.1"

radio-symbol@^2.0.0:
  version "2.0.0"
  resolved "https://registry.yarnpkg.com/radio-symbol/-/radio-symbol-2.0.0.tgz#7aa9bfc50485636d52dd76d6a8e631b290799ae1"
  dependencies:
    ansi-gray "^0.1.1"
    ansi-green "^0.1.1"
    is-windows "^1.0.1"

rc@^1.1.6:
  version "1.2.5"
  resolved "https://registry.yarnpkg.com/rc/-/rc-1.2.5.tgz#275cd687f6e3b36cc756baa26dfee80a790301fd"
  dependencies:
    deep-extend "~0.4.0"
    ini "~1.3.0"
    minimist "^1.2.0"
    strip-json-comments "~2.0.1"

read@1.0.x:
  version "1.0.7"
  resolved "https://registry.yarnpkg.com/read/-/read-1.0.7.tgz#b3da19bd052431a97671d44a42634adf710b40c4"
  dependencies:
    mute-stream "~0.0.4"

readable-stream@^2.0.0, readable-stream@^2.0.5:
  version "2.3.4"
  resolved "https://registry.yarnpkg.com/readable-stream/-/readable-stream-2.3.4.tgz#c946c3f47fa7d8eabc0b6150f4a12f69a4574071"
  dependencies:
    core-util-is "~1.0.0"
    inherits "~2.0.3"
    isarray "~1.0.0"
    process-nextick-args "~2.0.0"
    safe-buffer "~5.1.1"
    string_decoder "~1.0.3"
    util-deprecate "~1.0.1"

readable-stream@^2.0.6:
  version "2.2.9"
  resolved "https://registry.yarnpkg.com/readable-stream/-/readable-stream-2.2.9.tgz#cf78ec6f4a6d1eb43d26488cac97f042e74b7fc8"
  dependencies:
    buffer-shims "~1.0.0"
    core-util-is "~1.0.0"
    inherits "~2.0.1"
    isarray "~1.0.0"
    process-nextick-args "~1.0.6"
    string_decoder "~1.0.0"
    util-deprecate "~1.0.1"

readline-ui@^2.2.3:
  version "2.2.3"
  resolved "https://registry.yarnpkg.com/readline-ui/-/readline-ui-2.2.3.tgz#9e873a7668bbd8ca8a5573ce810a6bafb70a5089"
  dependencies:
    component-emitter "^1.2.1"
    debug "^2.6.8"
    readline-utils "^2.2.1"
    string-width "^2.0.0"

readline-utils@^2.2.1, readline-utils@^2.2.3:
  version "2.2.3"
  resolved "https://registry.yarnpkg.com/readline-utils/-/readline-utils-2.2.3.tgz#6f847d6b8f1915c391b581c367cd47873862351a"
  dependencies:
    arr-flatten "^1.1.0"
    extend-shallow "^2.0.1"
    is-buffer "^1.1.5"
    is-number "^3.0.0"
    is-windows "^1.0.1"
    koalas "^1.0.2"
    mute-stream "0.0.7"
    strip-color "^0.1.0"
    window-size "^1.1.0"

revalidator@0.1.x:
  version "0.1.8"
  resolved "https://registry.yarnpkg.com/revalidator/-/revalidator-0.1.8.tgz#fece61bfa0c1b52a206bd6b18198184bdd523a3b"

rimraf@2.x.x:
  version "2.6.1"
  resolved "https://registry.yarnpkg.com/rimraf/-/rimraf-2.6.1.tgz#c2338ec643df7a1b7fe5c54fa86f57428a55f33d"
  dependencies:
    glob "^7.0.5"

safe-buffer@^5.0.1:
  version "5.0.1"
  resolved "https://registry.yarnpkg.com/safe-buffer/-/safe-buffer-5.0.1.tgz#d263ca54696cd8a306b5ca6551e92de57918fbe7"

safe-buffer@~5.1.0, safe-buffer@~5.1.1:
  version "5.1.1"
  resolved "https://registry.yarnpkg.com/safe-buffer/-/safe-buffer-5.1.1.tgz#893312af69b2123def71f57889001671eeb2c853"

semver@^5.4.1:
  version "5.5.0"
  resolved "https://registry.yarnpkg.com/semver/-/semver-5.5.0.tgz#dc4bbc7a6ca9d916dee5d43516f0092b58f7b8ab"

serialport@^6.0.0:
  version "6.0.5"
  resolved "https://registry.yarnpkg.com/serialport/-/serialport-6.0.5.tgz#c7be8342007280a1b135fc93228816b18d2f31d8"
  dependencies:
    bindings "1.3.0"
    commander "^2.13.0"
    debug "^3.1.0"
    nan "^2.6.2"
    prebuild-install "^2.4.1"
    promirepl "^1.0.1"
    prompt-list "^3.1.2"
    safe-buffer "^5.0.1"

set-blocking@~2.0.0:
  version "2.0.0"
  resolved "https://registry.yarnpkg.com/set-blocking/-/set-blocking-2.0.0.tgz#045f9782d011ae9a6803ddd382b24392b3d890f7"

set-getter@^0.1.0:
  version "0.1.0"
  resolved "https://registry.yarnpkg.com/set-getter/-/set-getter-0.1.0.tgz#d769c182c9d5a51f409145f2fba82e5e86e80376"
  dependencies:
    to-object-path "^0.3.0"

set-value@^2.0.0:
  version "2.0.0"
  resolved "https://registry.yarnpkg.com/set-value/-/set-value-2.0.0.tgz#71ae4a88f0feefbbf52d1ea604f3fb315ebb6274"
  dependencies:
    extend-shallow "^2.0.1"
    is-extendable "^0.1.1"
    is-plain-object "^2.0.3"
    split-string "^3.0.1"

shallow-clone@^1.0.0:
  version "1.0.0"
  resolved "https://registry.yarnpkg.com/shallow-clone/-/shallow-clone-1.0.0.tgz#4480cd06e882ef68b2ad88a3ea54832e2c48b571"
  dependencies:
    is-extendable "^0.1.1"
    kind-of "^5.0.0"
    mixin-object "^2.0.1"

signal-exit@^3.0.0:
  version "3.0.2"
  resolved "https://registry.yarnpkg.com/signal-exit/-/signal-exit-3.0.2.tgz#b5fdc08f1287ea1178628e415e25132b73646c6d"

simple-concat@^1.0.0:
  version "1.0.0"
  resolved "https://registry.yarnpkg.com/simple-concat/-/simple-concat-1.0.0.tgz#7344cbb8b6e26fb27d66b2fc86f9f6d5997521c6"

simple-get@^2.7.0:
  version "2.7.0"
  resolved "https://registry.yarnpkg.com/simple-get/-/simple-get-2.7.0.tgz#ad37f926d08129237ff08c4f2edfd6f10e0380b5"
  dependencies:
    decompress-response "^3.3.0"
    once "^1.3.1"
    simple-concat "^1.0.0"

split-string@^3.0.1:
  version "3.1.0"
  resolved "https://registry.yarnpkg.com/split-string/-/split-string-3.1.0.tgz#7cb09dda3a86585705c64b39a6466038682e8fe2"
  dependencies:
    extend-shallow "^3.0.0"

stack-trace@0.0.x:
  version "0.0.9"
  resolved "https://registry.yarnpkg.com/stack-trace/-/stack-trace-0.0.9.tgz#a8f6eaeca90674c333e7c43953f275b451510695"

static-extend@^0.1.2:
  version "0.1.2"
  resolved "https://registry.yarnpkg.com/static-extend/-/static-extend-0.1.2.tgz#60809c39cbff55337226fd5e0b520f341f1fb5c6"
  dependencies:
    define-property "^0.2.5"
    object-copy "^0.1.0"

string-width@^1.0.1:
  version "1.0.2"
  resolved "https://registry.yarnpkg.com/string-width/-/string-width-1.0.2.tgz#118bdf5b8cdc51a2a7e70d211e07e2b0b9b107d3"
  dependencies:
    code-point-at "^1.0.0"
    is-fullwidth-code-point "^1.0.0"
    strip-ansi "^3.0.0"

string-width@^2.0.0:
  version "2.1.1"
  resolved "https://registry.yarnpkg.com/string-width/-/string-width-2.1.1.tgz#ab93f27a8dc13d28cac815c462143a6d9012ae9e"
  dependencies:
    is-fullwidth-code-point "^2.0.0"
    strip-ansi "^4.0.0"

string_decoder@~1.0.0:
  version "1.0.0"
  resolved "https://registry.yarnpkg.com/string_decoder/-/string_decoder-1.0.0.tgz#f06f41157b664d86069f84bdbdc9b0d8ab281667"
  dependencies:
    buffer-shims "~1.0.0"

string_decoder@~1.0.3:
  version "1.0.3"
  resolved "https://registry.yarnpkg.com/string_decoder/-/string_decoder-1.0.3.tgz#0fc67d7c141825de94282dd536bec6b9bce860ab"
  dependencies:
    safe-buffer "~5.1.0"

strip-ansi@^3.0.0, strip-ansi@^3.0.1:
  version "3.0.1"
  resolved "https://registry.yarnpkg.com/strip-ansi/-/strip-ansi-3.0.1.tgz#6a385fb8853d952d5ff05d0e8aaf94278dc63dcf"
  dependencies:
    ansi-regex "^2.0.0"

strip-ansi@^4.0.0:
  version "4.0.0"
  resolved "https://registry.yarnpkg.com/strip-ansi/-/strip-ansi-4.0.0.tgz#a8479022eb1ac368a871389b635262c505ee368f"
  dependencies:
    ansi-regex "^3.0.0"

strip-color@^0.1.0:
  version "0.1.0"
  resolved "https://registry.yarnpkg.com/strip-color/-/strip-color-0.1.0.tgz#106f65d3d3e6a2d9401cac0eb0ce8b8a702b4f7b"

strip-json-comments@~2.0.1:
  version "2.0.1"
  resolved "https://registry.yarnpkg.com/strip-json-comments/-/strip-json-comments-2.0.1.tgz#3c531942e908c2697c0ec344858c286c7ca0a60a"

success-symbol@^0.1.0:
  version "0.1.0"
  resolved "https://registry.yarnpkg.com/success-symbol/-/success-symbol-0.1.0.tgz#24022e486f3bf1cdca094283b769c472d3b72897"

tar-fs@^1.13.0:
  version "1.16.0"
  resolved "https://registry.yarnpkg.com/tar-fs/-/tar-fs-1.16.0.tgz#e877a25acbcc51d8c790da1c57c9cf439817b896"
  dependencies:
    chownr "^1.0.1"
    mkdirp "^0.5.1"
    pump "^1.0.0"
    tar-stream "^1.1.2"

tar-stream@^1.1.2, tar-stream@^1.5.2:
  version "1.5.5"
  resolved "https://registry.yarnpkg.com/tar-stream/-/tar-stream-1.5.5.tgz#5cad84779f45c83b1f2508d96b09d88c7218af55"
  dependencies:
    bl "^1.0.0"
    end-of-stream "^1.0.0"
    readable-stream "^2.0.0"
    xtend "^4.0.0"

terminal-paginator@^2.0.2:
  version "2.0.2"
  resolved "https://registry.yarnpkg.com/terminal-paginator/-/terminal-paginator-2.0.2.tgz#967e66056f28fe8f55ba7c1eebfb7c3ef371c1d3"
  dependencies:
    debug "^2.6.6"
    extend-shallow "^2.0.1"
    log-utils "^0.2.1"

time-stamp@^1.0.1:
  version "1.1.0"
  resolved "https://registry.yarnpkg.com/time-stamp/-/time-stamp-1.1.0.tgz#764a5a11af50561921b133f3b44e618687e0f5c3"

to-object-path@^0.3.0:
  version "0.3.0"
  resolved "https://registry.yarnpkg.com/to-object-path/-/to-object-path-0.3.0.tgz#297588b7b0e7e0ac08e04e672f85c1f4999e17af"
  dependencies:
    kind-of "^3.0.2"

toggle-array@^1.0.1:
  version "1.0.1"
  resolved "https://registry.yarnpkg.com/toggle-array/-/toggle-array-1.0.1.tgz#cbf5840792bd5097f33117ae824c932affe87d58"
  dependencies:
    isobject "^3.0.0"

tunnel-agent@^0.6.0:
  version "0.6.0"
  resolved "https://registry.yarnpkg.com/tunnel-agent/-/tunnel-agent-0.6.0.tgz#27a5dea06b36b04a0a9966774b290868f0fc40fd"
  dependencies:
    safe-buffer "^5.0.1"

util-deprecate@~1.0.1:
  version "1.0.2"
  resolved "https://registry.yarnpkg.com/util-deprecate/-/util-deprecate-1.0.2.tgz#450d4dc9fa70de732762fbd2d4a28981419a0ccf"

utile@0.2.x:
  version "0.2.1"
  resolved "https://registry.yarnpkg.com/utile/-/utile-0.2.1.tgz#930c88e99098d6220834c356cbd9a770522d90d7"
  dependencies:
    async "~0.2.9"
    deep-equal "*"
    i "0.3.x"
    mkdirp "0.x.x"
    ncp "0.4.x"
    rimraf "2.x.x"

warning-symbol@^0.1.0:
  version "0.1.0"
  resolved "https://registry.yarnpkg.com/warning-symbol/-/warning-symbol-0.1.0.tgz#bb31dd11b7a0f9d67ab2ed95f457b65825bbad21"

which-pm-runs@^1.0.0:
  version "1.0.0"
  resolved "https://registry.yarnpkg.com/which-pm-runs/-/which-pm-runs-1.0.0.tgz#670b3afbc552e0b55df6b7780ca74615f23ad1cb"

wide-align@^1.1.0:
  version "1.1.0"
  resolved "https://registry.yarnpkg.com/wide-align/-/wide-align-1.1.0.tgz#40edde802a71fea1f070da3e62dcda2e7add96ad"
  dependencies:
    string-width "^1.0.1"

window-size@^1.1.0:
  version "1.1.0"
  resolved "https://registry.yarnpkg.com/window-size/-/window-size-1.1.0.tgz#3b402d3244f35561db2c9761ad9d1e5286b07a2d"
  dependencies:
    define-property "^1.0.0"
    is-number "^3.0.0"

winston@0.8.x:
  version "0.8.3"
  resolved "https://registry.yarnpkg.com/winston/-/winston-0.8.3.tgz#64b6abf4cd01adcaefd5009393b1d8e8bec19db0"
  dependencies:
    async "0.2.x"
    colors "0.6.x"
    cycle "1.0.x"
    eyes "0.1.x"
    isstream "0.1.x"
    pkginfo "0.3.x"
    stack-trace "0.0.x"

wrappy@1:
  version "1.0.2"
  resolved "https://registry.yarnpkg.com/wrappy/-/wrappy-1.0.2.tgz#b5243d8f3ec1aa35f1364605bc0d1036e30ab69f"

xtend@^4.0.0:
  version "4.0.1"
  resolved "https://registry.yarnpkg.com/xtend/-/xtend-4.0.1.tgz#a5c6d532be656e23db820efb943a1f04998d63af"
